
Microsoft Visual Studio Solution File, Format Version 12.00
# Visual Studio 14
VisualStudioVersion = 14.0.25420.1
MinimumVisualStudioVersion = 10.0.40219.1
Project("{8BB2217D-0F2D-49D1-97BC-3654ED321F3B}") = "Shopping.Web", "ShoppingList.Web\Shopping.Web.xproj", "{7C5DADB6-3929-45BC-95BD-E57938451AD6}"
EndProject
Project("{FAE04EC0-301F-11D3-BF4B-00C04F79EFBC}") = "Authentication.API", "Authentication.API\Authentication.API.csproj", "{8207EAB4-CF3F-4BEE-B942-13EC4DAEB3B8}"
EndProject
Project("{FAE04EC0-301F-11D3-BF4B-00C04F79EFBC}") = "Shopping.API", "ShoppingList.API\Shopping.API.csproj", "{BE85A387-3A05-42C3-94A5-E3E83C04C241}"
EndProject
Project("{FAE04EC0-301F-11D3-BF4B-00C04F79EFBC}") = "Core.Application", "Core.Application\Core.Application.csproj", "{1EFD0C2C-A83D-4B5B-A4AC-B22138E6CD88}"
EndProject
Project("{FAE04EC0-301F-11D3-BF4B-00C04F79EFBC}") = "Core.Domain", "Core.Domain\Core.Domain.csproj", "{7B3C3F9A-B02C-4FDC-A73C-4D5D6D239970}"
EndProject
Project("{FAE04EC0-301F-11D3-BF4B-00C04F79EFBC}") = "Core.Infrastructure", "Core.Infrastructure\Core.Infrastructure.csproj", "{D3AA8FEA-A979-43D0-A237-F1E37B3A7674}"
EndProject
Project("{FAE04EC0-301F-11D3-BF4B-00C04F79EFBC}") = "Shopping.Domain", "ShoppingList.Domain\Shopping.Domain.csproj", "{57C55DEE-DFAC-46F9-AB04-D6CC7D957F95}"
EndProject
Project("{FAE04EC0-301F-11D3-BF4B-00C04F79EFBC}") = "Shopping.Infrastructure", "ShoppingList.Infrastructure\Shopping.Infrastructure.csproj", "{F31D30AF-5E4C-43FE-8479-DF931AB5C4AA}"
EndProject
Project("{FAE04EC0-301F-11D3-BF4B-00C04F79EFBC}") = "Shopping.Application", "ShoppingList.Application\Shopping.Application.csproj", "{2497DA91-8B18-4FBC-80FC-B016F8F0766F}"
EndProject
Global
	GlobalSection(SolutionConfigurationPlatforms) = preSolution
		AzureProduction|Any CPU = AzureProduction|Any CPU
		Debug|Any CPU = Debug|Any CPU
		Release|Any CPU = Release|Any CPU
	EndGlobalSection
	GlobalSection(ProjectConfigurationPlatforms) = postSolution
		{7C5DADB6-3929-45BC-95BD-E57938451AD6}.AzureProduction|Any CPU.ActiveCfg = Release|Any CPU
		{7C5DADB6-3929-45BC-95BD-E57938451AD6}.AzureProduction|Any CPU.Build.0 = Release|Any CPU
		{7C5DADB6-3929-45BC-95BD-E57938451AD6}.Debug|Any CPU.ActiveCfg = Debug|Any CPU
		{7C5DADB6-3929-45BC-95BD-E57938451AD6}.Debug|Any CPU.Build.0 = Debug|Any CPU
		{7C5DADB6-3929-45BC-95BD-E57938451AD6}.Release|Any CPU.ActiveCfg = Release|Any CPU
		{7C5DADB6-3929-45BC-95BD-E57938451AD6}.Release|Any CPU.Build.0 = Release|Any CPU
		{8207EAB4-CF3F-4BEE-B942-13EC4DAEB3B8}.AzureProduction|Any CPU.ActiveCfg = AzureProduction|Any CPU
		{8207EAB4-CF3F-4BEE-B942-13EC4DAEB3B8}.AzureProduction|Any CPU.Build.0 = AzureProduction|Any CPU
		{8207EAB4-CF3F-4BEE-B942-13EC4DAEB3B8}.Debug|Any CPU.ActiveCfg = Debug|Any CPU
		{8207EAB4-CF3F-4BEE-B942-13EC4DAEB3B8}.Debug|Any CPU.Build.0 = Debug|Any CPU
		{8207EAB4-CF3F-4BEE-B942-13EC4DAEB3B8}.Release|Any CPU.ActiveCfg = Release|Any CPU
		{8207EAB4-CF3F-4BEE-B942-13EC4DAEB3B8}.Release|Any CPU.Build.0 = Release|Any CPU
		{BE85A387-3A05-42C3-94A5-E3E83C04C241}.AzureProduction|Any CPU.ActiveCfg = AzureProduction|Any CPU
		{BE85A387-3A05-42C3-94A5-E3E83C04C241}.AzureProduction|Any CPU.Build.0 = AzureProduction|Any CPU
		{BE85A387-3A05-42C3-94A5-E3E83C04C241}.Debug|Any CPU.ActiveCfg = Debug|Any CPU
		{BE85A387-3A05-42C3-94A5-E3E83C04C241}.Debug|Any CPU.Build.0 = Debug|Any CPU
		{BE85A387-3A05-42C3-94A5-E3E83C04C241}.Release|Any CPU.ActiveCfg = Release|Any CPU
		{BE85A387-3A05-42C3-94A5-E3E83C04C241}.Release|Any CPU.Build.0 = Release|Any CPU
		{1EFD0C2C-A83D-4B5B-A4AC-B22138E6CD88}.AzureProduction|Any CPU.ActiveCfg = Release|Any CPU
		{1EFD0C2C-A83D-4B5B-A4AC-B22138E6CD88}.AzureProduction|Any CPU.Build.0 = Release|Any CPU
		{1EFD0C2C-A83D-4B5B-A4AC-B22138E6CD88}.Debug|Any CPU.ActiveCfg = Debug|Any CPU
		{1EFD0C2C-A83D-4B5B-A4AC-B22138E6CD88}.Debug|Any CPU.Build.0 = Debug|Any CPU
		{1EFD0C2C-A83D-4B5B-A4AC-B22138E6CD88}.Release|Any CPU.ActiveCfg = Release|Any CPU
		{1EFD0C2C-A83D-4B5B-A4AC-B22138E6CD88}.Release|Any CPU.Build.0 = Release|Any CPU
		{7B3C3F9A-B02C-4FDC-A73C-4D5D6D239970}.AzureProduction|Any CPU.ActiveCfg = Release|Any CPU
		{7B3C3F9A-B02C-4FDC-A73C-4D5D6D239970}.AzureProduction|Any CPU.Build.0 = Release|Any CPU
		{7B3C3F9A-B02C-4FDC-A73C-4D5D6D239970}.Debug|Any CPU.ActiveCfg = Debug|Any CPU
		{7B3C3F9A-B02C-4FDC-A73C-4D5D6D239970}.Debug|Any CPU.Build.0 = Debug|Any CPU
		{7B3C3F9A-B02C-4FDC-A73C-4D5D6D239970}.Release|Any CPU.ActiveCfg = Release|Any CPU
		{7B3C3F9A-B02C-4FDC-A73C-4D5D6D239970}.Release|Any CPU.Build.0 = Release|Any CPU
		{D3AA8FEA-A979-43D0-A237-F1E37B3A7674}.AzureProduction|Any CPU.ActiveCfg = Release|Any CPU
		{D3AA8FEA-A979-43D0-A237-F1E37B3A7674}.AzureProduction|Any CPU.Build.0 = Release|Any CPU
		{D3AA8FEA-A979-43D0-A237-F1E37B3A7674}.Debug|Any CPU.ActiveCfg = Debug|Any CPU
		{D3AA8FEA-A979-43D0-A237-F1E37B3A7674}.Debug|Any CPU.Build.0 = Debug|Any CPU
		{D3AA8FEA-A979-43D0-A237-F1E37B3A7674}.Release|Any CPU.ActiveCfg = Release|Any CPU
		{D3AA8FEA-A979-43D0-A237-F1E37B3A7674}.Release|Any CPU.Build.0 = Release|Any CPU
		{57C55DEE-DFAC-46F9-AB04-D6CC7D957F95}.AzureProduction|Any CPU.ActiveCfg = Release|Any CPU
		{57C55DEE-DFAC-46F9-AB04-D6CC7D957F95}.AzureProduction|Any CPU.Build.0 = Release|Any CPU
		{57C55DEE-DFAC-46F9-AB04-D6CC7D957F95}.Debug|Any CPU.ActiveCfg = Debug|Any CPU
		{57C55DEE-DFAC-46F9-AB04-D6CC7D957F95}.Debug|Any CPU.Build.0 = Debug|Any CPU
		{57C55DEE-DFAC-46F9-AB04-D6CC7D957F95}.Release|Any CPU.ActiveCfg = Release|Any CPU
		{57C55DEE-DFAC-46F9-AB04-D6CC7D957F95}.Release|Any CPU.Build.0 = Release|Any CPU
		{F31D30AF-5E4C-43FE-8479-DF931AB5C4AA}.AzureProduction|Any CPU.ActiveCfg = Release|Any CPU
		{F31D30AF-5E4C-43FE-8479-DF931AB5C4AA}.AzureProduction|Any CPU.Build.0 = Release|Any CPU
		{F31D30AF-5E4C-43FE-8479-DF931AB5C4AA}.Debug|Any CPU.ActiveCfg = Debug|Any CPU
		{F31D30AF-5E4C-43FE-8479-DF931AB5C4AA}.Debug|Any CPU.Build.0 = Debug|Any CPU
		{F31D30AF-5E4C-43FE-8479-DF931AB5C4AA}.Release|Any CPU.ActiveCfg = Release|Any CPU
		{F31D30AF-5E4C-43FE-8479-DF931AB5C4AA}.Release|Any CPU.Build.0 = Release|Any CPU
		{2497DA91-8B18-4FBC-80FC-B016F8F0766F}.AzureProduction|Any CPU.ActiveCfg = Release|Any CPU
		{2497DA91-8B18-4FBC-80FC-B016F8F0766F}.AzureProduction|Any CPU.Build.0 = Release|Any CPU
		{2497DA91-8B18-4FBC-80FC-B016F8F0766F}.Debug|Any CPU.ActiveCfg = Debug|Any CPU
		{2497DA91-8B18-4FBC-80FC-B016F8F0766F}.Debug|Any CPU.Build.0 = Debug|Any CPU
		{2497DA91-8B18-4FBC-80FC-B016F8F0766F}.Release|Any CPU.ActiveCfg = Release|Any CPU
		{2497DA91-8B18-4FBC-80FC-B016F8F0766F}.Release|Any CPU.Build.0 = Release|Any CPU
	EndGlobalSection
	GlobalSection(SolutionProperties) = preSolution
		HideSolutionNode = FALSE
	EndGlobalSection
EndGlobal
