
Microsoft Visual Studio Solution File, Format Version 12.00
# Visual Studio 14
VisualStudioVersion = 14.0.25420.1
MinimumVisualStudioVersion = 10.0.40219.1
Project("{FAE04EC0-301F-11D3-BF4B-00C04F79EFBC}") = "Authentication.API", "Authentication.API\Authentication.API.csproj", "{8207EAB4-CF3F-4BEE-B942-13EC4DAEB3B8}"
EndProject
Project("{FAE04EC0-301F-11D3-BF4B-00C04F79EFBC}") = "Shopping.API", "Shopping.API\Shopping.API.csproj", "{BE85A387-3A05-42C3-94A5-E3E83C04C241}"
EndProject
Project("{FAE04EC0-301F-11D3-BF4B-00C04F79EFBC}") = "Core.Application", "Core.Application\Core.Application.csproj", "{1EFD0C2C-A83D-4B5B-A4AC-B22138E6CD88}"
EndProject
Project("{FAE04EC0-301F-11D3-BF4B-00C04F79EFBC}") = "Core.Domain", "Core.Domain\Core.Domain.csproj", "{7B3C3F9A-B02C-4FDC-A73C-4D5D6D239970}"
EndProject
Project("{FAE04EC0-301F-11D3-BF4B-00C04F79EFBC}") = "Core.Infrastructure", "Core.Infrastructure\Core.Infrastructure.csproj", "{D3AA8FEA-A979-43D0-A237-F1E37B3A7674}"
EndProject
Project("{FAE04EC0-301F-11D3-BF4B-00C04F79EFBC}") = "Shopping.Domain", "Shopping.Domain\Shopping.Domain.csproj", "{57C55DEE-DFAC-46F9-AB04-D6CC7D957F95}"
EndProject
Project("{FAE04EC0-301F-11D3-BF4B-00C04F79EFBC}") = "Shopping.Infrastructure", "Shopping.Infrastructure\Shopping.Infrastructure.csproj", "{F31D30AF-5E4C-43FE-8479-DF931AB5C4AA}"
EndProject
Project("{FAE04EC0-301F-11D3-BF4B-00C04F79EFBC}") = "Shopping.Application", "Shopping.Application\Shopping.Application.csproj", "{2497DA91-8B18-4FBC-80FC-B016F8F0766F}"
EndProject
Project("{FAE04EC0-301F-11D3-BF4B-00C04F79EFBC}") = "Commute.Domain", "Commute.Domain\Commute.Domain.csproj", "{0E7FDB4D-E937-433D-B72F-E7393266EC61}"
EndProject
Project("{FAE04EC0-301F-11D3-BF4B-00C04F79EFBC}") = "Commute.Application", "Commute.Application\Commute.Application.csproj", "{3AC3F328-2D53-4EFB-9A33-117720B563DF}"
EndProject
Project("{FAE04EC0-301F-11D3-BF4B-00C04F79EFBC}") = "Commute.Infrastructure", "Commute.Infrastructure\Commute.Infrastructure.csproj", "{F3DBD9BB-42B8-41C2-BC2B-C5973CB76B55}"
EndProject
Project("{2150E333-8FDC-42A3-9474-1A3956D46DE8}") = "Commute", "Commute", "{8E9F4E3A-A972-443A-9E05-893435F78318}"
EndProject
Project("{2150E333-8FDC-42A3-9474-1A3956D46DE8}") = "Shopping", "Shopping", "{E96383C5-C0B6-4DAC-9C78-481FC9284983}"
EndProject
Project("{2150E333-8FDC-42A3-9474-1A3956D46DE8}") = "Core", "Core", "{A5000A7D-381A-44BA-B8CD-F36ED0909560}"
EndProject
Project("{FAE04EC0-301F-11D3-BF4B-00C04F79EFBC}") = "Commute.API", "Commute.API\Commute.API.csproj", "{14FD0E04-441B-4278-8E62-70EEE22EE083}"
EndProject
Project("{FAE04EC0-301F-11D3-BF4B-00C04F79EFBC}") = "Shopping.UpdateItemCountJob", "Shopping.UpdateItemCountJob\Shopping.UpdateItemCountJob.csproj", "{73422BF3-62CE-461A-857F-3351655A90F5}"
EndProject
Project("{8BB2217D-0F2D-49D1-97BC-3654ED321F3B}") = "Web", "Web\Web.xproj", "{7C8CCC94-CF7F-47EB-9061-50E47707EBAC}"
EndProject
Project("{2150E333-8FDC-42A3-9474-1A3956D46DE8}") = "Positioning", "Positioning", "{00DF37B2-41DB-4A6B-B0C6-6DAD8B0DC1C4}"
EndProject
Project("{FAE04EC0-301F-11D3-BF4B-00C04F79EFBC}") = "Positioning.API", "Positioning.API\Positioning.API.csproj", "{27D1E40D-A43D-4213-B349-E0CA22DB39FF}"
EndProject
Project("{2150E333-8FDC-42A3-9474-1A3956D46DE8}") = "Solution Items", "Solution Items", "{1F334C68-7682-4959-BF42-4733EADACCCC}"
	ProjectSection(SolutionItems) = preProject
		Install packages for new resource project.txt = Install packages for new resource project.txt
	EndProjectSection
EndProject
Project("{FAE04EC0-301F-11D3-BF4B-00C04F79EFBC}") = "Positioning.Infrastructure", "Positioning.Infrastructure\Positioning.Infrastructure.csproj", "{56783993-1244-4271-A43D-B43ECC5CFC98}"
EndProject
Project("{FAE04EC0-301F-11D3-BF4B-00C04F79EFBC}") = "Positioning.CommonTypes", "Positioning.CommonTypes\Positioning.CommonTypes.csproj", "{A94A8A2F-9FCC-41ED-81ED-9E4EDF947BE7}"
EndProject
Project("{FAE04EC0-301F-11D3-BF4B-00C04F79EFBC}") = "Commute.CommuteHomeNotifierJob", "Commute.CommuteHomeNotifierJob\Commute.CommuteHomeNotifierJob.csproj", "{8F17226C-481D-4DA8-A02B-E8AB670CDD24}"
EndProject
Project("{FAE04EC0-301F-11D3-BF4B-00C04F79EFBC}") = "Commute.CommuteHomeNotifierJob.Tests", "Commute.CommuteHomeNotifierJob.Tests\Commute.CommuteHomeNotifierJob.Tests.csproj", "{F50AEE12-A30D-48F6-813F-3EE53BF69210}"
EndProject
Global
	GlobalSection(SolutionConfigurationPlatforms) = preSolution
		Debug|Any CPU = Debug|Any CPU
		Release|Any CPU = Release|Any CPU
	EndGlobalSection
	GlobalSection(ProjectConfigurationPlatforms) = postSolution
		{8207EAB4-CF3F-4BEE-B942-13EC4DAEB3B8}.Debug|Any CPU.ActiveCfg = Debug|Any CPU
		{8207EAB4-CF3F-4BEE-B942-13EC4DAEB3B8}.Debug|Any CPU.Build.0 = Debug|Any CPU
		{8207EAB4-CF3F-4BEE-B942-13EC4DAEB3B8}.Release|Any CPU.ActiveCfg = Release|Any CPU
		{8207EAB4-CF3F-4BEE-B942-13EC4DAEB3B8}.Release|Any CPU.Build.0 = Release|Any CPU
		{BE85A387-3A05-42C3-94A5-E3E83C04C241}.Debug|Any CPU.ActiveCfg = Debug|Any CPU
		{BE85A387-3A05-42C3-94A5-E3E83C04C241}.Debug|Any CPU.Build.0 = Debug|Any CPU
		{BE85A387-3A05-42C3-94A5-E3E83C04C241}.Release|Any CPU.ActiveCfg = Release|Any CPU
		{BE85A387-3A05-42C3-94A5-E3E83C04C241}.Release|Any CPU.Build.0 = Release|Any CPU
		{1EFD0C2C-A83D-4B5B-A4AC-B22138E6CD88}.Debug|Any CPU.ActiveCfg = Debug|Any CPU
		{1EFD0C2C-A83D-4B5B-A4AC-B22138E6CD88}.Debug|Any CPU.Build.0 = Debug|Any CPU
		{1EFD0C2C-A83D-4B5B-A4AC-B22138E6CD88}.Release|Any CPU.ActiveCfg = Release|Any CPU
		{1EFD0C2C-A83D-4B5B-A4AC-B22138E6CD88}.Release|Any CPU.Build.0 = Release|Any CPU
		{7B3C3F9A-B02C-4FDC-A73C-4D5D6D239970}.Debug|Any CPU.ActiveCfg = Debug|Any CPU
		{7B3C3F9A-B02C-4FDC-A73C-4D5D6D239970}.Debug|Any CPU.Build.0 = Debug|Any CPU
		{7B3C3F9A-B02C-4FDC-A73C-4D5D6D239970}.Release|Any CPU.ActiveCfg = Release|Any CPU
		{7B3C3F9A-B02C-4FDC-A73C-4D5D6D239970}.Release|Any CPU.Build.0 = Release|Any CPU
		{D3AA8FEA-A979-43D0-A237-F1E37B3A7674}.Debug|Any CPU.ActiveCfg = Debug|Any CPU
		{D3AA8FEA-A979-43D0-A237-F1E37B3A7674}.Debug|Any CPU.Build.0 = Debug|Any CPU
		{D3AA8FEA-A979-43D0-A237-F1E37B3A7674}.Release|Any CPU.ActiveCfg = Release|Any CPU
		{D3AA8FEA-A979-43D0-A237-F1E37B3A7674}.Release|Any CPU.Build.0 = Release|Any CPU
		{57C55DEE-DFAC-46F9-AB04-D6CC7D957F95}.Debug|Any CPU.ActiveCfg = Debug|Any CPU
		{57C55DEE-DFAC-46F9-AB04-D6CC7D957F95}.Debug|Any CPU.Build.0 = Debug|Any CPU
		{57C55DEE-DFAC-46F9-AB04-D6CC7D957F95}.Release|Any CPU.ActiveCfg = Release|Any CPU
		{57C55DEE-DFAC-46F9-AB04-D6CC7D957F95}.Release|Any CPU.Build.0 = Release|Any CPU
		{F31D30AF-5E4C-43FE-8479-DF931AB5C4AA}.Debug|Any CPU.ActiveCfg = Debug|Any CPU
		{F31D30AF-5E4C-43FE-8479-DF931AB5C4AA}.Debug|Any CPU.Build.0 = Debug|Any CPU
		{F31D30AF-5E4C-43FE-8479-DF931AB5C4AA}.Release|Any CPU.ActiveCfg = Release|Any CPU
		{F31D30AF-5E4C-43FE-8479-DF931AB5C4AA}.Release|Any CPU.Build.0 = Release|Any CPU
		{2497DA91-8B18-4FBC-80FC-B016F8F0766F}.Debug|Any CPU.ActiveCfg = Debug|Any CPU
		{2497DA91-8B18-4FBC-80FC-B016F8F0766F}.Debug|Any CPU.Build.0 = Debug|Any CPU
		{2497DA91-8B18-4FBC-80FC-B016F8F0766F}.Release|Any CPU.ActiveCfg = Release|Any CPU
		{2497DA91-8B18-4FBC-80FC-B016F8F0766F}.Release|Any CPU.Build.0 = Release|Any CPU
		{0E7FDB4D-E937-433D-B72F-E7393266EC61}.Debug|Any CPU.ActiveCfg = Debug|Any CPU
		{0E7FDB4D-E937-433D-B72F-E7393266EC61}.Debug|Any CPU.Build.0 = Debug|Any CPU
		{0E7FDB4D-E937-433D-B72F-E7393266EC61}.Release|Any CPU.ActiveCfg = Release|Any CPU
		{0E7FDB4D-E937-433D-B72F-E7393266EC61}.Release|Any CPU.Build.0 = Release|Any CPU
		{3AC3F328-2D53-4EFB-9A33-117720B563DF}.Debug|Any CPU.ActiveCfg = Debug|Any CPU
		{3AC3F328-2D53-4EFB-9A33-117720B563DF}.Debug|Any CPU.Build.0 = Debug|Any CPU
		{3AC3F328-2D53-4EFB-9A33-117720B563DF}.Release|Any CPU.ActiveCfg = Release|Any CPU
		{3AC3F328-2D53-4EFB-9A33-117720B563DF}.Release|Any CPU.Build.0 = Release|Any CPU
		{F3DBD9BB-42B8-41C2-BC2B-C5973CB76B55}.Debug|Any CPU.ActiveCfg = Debug|Any CPU
		{F3DBD9BB-42B8-41C2-BC2B-C5973CB76B55}.Debug|Any CPU.Build.0 = Debug|Any CPU
		{F3DBD9BB-42B8-41C2-BC2B-C5973CB76B55}.Release|Any CPU.ActiveCfg = Release|Any CPU
		{F3DBD9BB-42B8-41C2-BC2B-C5973CB76B55}.Release|Any CPU.Build.0 = Release|Any CPU
		{14FD0E04-441B-4278-8E62-70EEE22EE083}.Debug|Any CPU.ActiveCfg = Debug|Any CPU
		{14FD0E04-441B-4278-8E62-70EEE22EE083}.Debug|Any CPU.Build.0 = Debug|Any CPU
		{14FD0E04-441B-4278-8E62-70EEE22EE083}.Release|Any CPU.ActiveCfg = Release|Any CPU
		{14FD0E04-441B-4278-8E62-70EEE22EE083}.Release|Any CPU.Build.0 = Release|Any CPU
		{73422BF3-62CE-461A-857F-3351655A90F5}.Debug|Any CPU.ActiveCfg = Debug|Any CPU
		{73422BF3-62CE-461A-857F-3351655A90F5}.Debug|Any CPU.Build.0 = Debug|Any CPU
		{73422BF3-62CE-461A-857F-3351655A90F5}.Release|Any CPU.ActiveCfg = Release|Any CPU
		{73422BF3-62CE-461A-857F-3351655A90F5}.Release|Any CPU.Build.0 = Release|Any CPU
		{7C8CCC94-CF7F-47EB-9061-50E47707EBAC}.Debug|Any CPU.ActiveCfg = Debug|Any CPU
		{7C8CCC94-CF7F-47EB-9061-50E47707EBAC}.Debug|Any CPU.Build.0 = Debug|Any CPU
		{7C8CCC94-CF7F-47EB-9061-50E47707EBAC}.Release|Any CPU.ActiveCfg = Release|Any CPU
		{7C8CCC94-CF7F-47EB-9061-50E47707EBAC}.Release|Any CPU.Build.0 = Release|Any CPU
		{27D1E40D-A43D-4213-B349-E0CA22DB39FF}.Debug|Any CPU.ActiveCfg = Debug|Any CPU
		{27D1E40D-A43D-4213-B349-E0CA22DB39FF}.Debug|Any CPU.Build.0 = Debug|Any CPU
		{27D1E40D-A43D-4213-B349-E0CA22DB39FF}.Release|Any CPU.ActiveCfg = Release|Any CPU
		{27D1E40D-A43D-4213-B349-E0CA22DB39FF}.Release|Any CPU.Build.0 = Release|Any CPU
		{56783993-1244-4271-A43D-B43ECC5CFC98}.Debug|Any CPU.ActiveCfg = Debug|Any CPU
		{56783993-1244-4271-A43D-B43ECC5CFC98}.Debug|Any CPU.Build.0 = Debug|Any CPU
		{56783993-1244-4271-A43D-B43ECC5CFC98}.Release|Any CPU.ActiveCfg = Release|Any CPU
		{56783993-1244-4271-A43D-B43ECC5CFC98}.Release|Any CPU.Build.0 = Release|Any CPU
		{A94A8A2F-9FCC-41ED-81ED-9E4EDF947BE7}.Debug|Any CPU.ActiveCfg = Debug|Any CPU
		{A94A8A2F-9FCC-41ED-81ED-9E4EDF947BE7}.Debug|Any CPU.Build.0 = Debug|Any CPU
		{A94A8A2F-9FCC-41ED-81ED-9E4EDF947BE7}.Release|Any CPU.ActiveCfg = Release|Any CPU
		{A94A8A2F-9FCC-41ED-81ED-9E4EDF947BE7}.Release|Any CPU.Build.0 = Release|Any CPU
		{8F17226C-481D-4DA8-A02B-E8AB670CDD24}.Debug|Any CPU.ActiveCfg = Debug|Any CPU
		{8F17226C-481D-4DA8-A02B-E8AB670CDD24}.Debug|Any CPU.Build.0 = Debug|Any CPU
		{8F17226C-481D-4DA8-A02B-E8AB670CDD24}.Release|Any CPU.ActiveCfg = Release|Any CPU
		{8F17226C-481D-4DA8-A02B-E8AB670CDD24}.Release|Any CPU.Build.0 = Release|Any CPU
		{F50AEE12-A30D-48F6-813F-3EE53BF69210}.Debug|Any CPU.ActiveCfg = Debug|Any CPU
		{F50AEE12-A30D-48F6-813F-3EE53BF69210}.Debug|Any CPU.Build.0 = Debug|Any CPU
		{F50AEE12-A30D-48F6-813F-3EE53BF69210}.Release|Any CPU.ActiveCfg = Release|Any CPU
		{F50AEE12-A30D-48F6-813F-3EE53BF69210}.Release|Any CPU.Build.0 = Release|Any CPU
	EndGlobalSection
	GlobalSection(SolutionProperties) = preSolution
		HideSolutionNode = FALSE
	EndGlobalSection
	GlobalSection(NestedProjects) = preSolution
		{BE85A387-3A05-42C3-94A5-E3E83C04C241} = {E96383C5-C0B6-4DAC-9C78-481FC9284983}
		{1EFD0C2C-A83D-4B5B-A4AC-B22138E6CD88} = {A5000A7D-381A-44BA-B8CD-F36ED0909560}
		{7B3C3F9A-B02C-4FDC-A73C-4D5D6D239970} = {A5000A7D-381A-44BA-B8CD-F36ED0909560}
		{D3AA8FEA-A979-43D0-A237-F1E37B3A7674} = {A5000A7D-381A-44BA-B8CD-F36ED0909560}
		{57C55DEE-DFAC-46F9-AB04-D6CC7D957F95} = {E96383C5-C0B6-4DAC-9C78-481FC9284983}
		{F31D30AF-5E4C-43FE-8479-DF931AB5C4AA} = {E96383C5-C0B6-4DAC-9C78-481FC9284983}
		{2497DA91-8B18-4FBC-80FC-B016F8F0766F} = {E96383C5-C0B6-4DAC-9C78-481FC9284983}
		{0E7FDB4D-E937-433D-B72F-E7393266EC61} = {8E9F4E3A-A972-443A-9E05-893435F78318}
		{3AC3F328-2D53-4EFB-9A33-117720B563DF} = {8E9F4E3A-A972-443A-9E05-893435F78318}
		{F3DBD9BB-42B8-41C2-BC2B-C5973CB76B55} = {8E9F4E3A-A972-443A-9E05-893435F78318}
		{14FD0E04-441B-4278-8E62-70EEE22EE083} = {8E9F4E3A-A972-443A-9E05-893435F78318}
		{73422BF3-62CE-461A-857F-3351655A90F5} = {E96383C5-C0B6-4DAC-9C78-481FC9284983}
		{27D1E40D-A43D-4213-B349-E0CA22DB39FF} = {00DF37B2-41DB-4A6B-B0C6-6DAD8B0DC1C4}
		{56783993-1244-4271-A43D-B43ECC5CFC98} = {00DF37B2-41DB-4A6B-B0C6-6DAD8B0DC1C4}
		{A94A8A2F-9FCC-41ED-81ED-9E4EDF947BE7} = {00DF37B2-41DB-4A6B-B0C6-6DAD8B0DC1C4}
		{8F17226C-481D-4DA8-A02B-E8AB670CDD24} = {8E9F4E3A-A972-443A-9E05-893435F78318}
		{F50AEE12-A30D-48F6-813F-3EE53BF69210} = {8E9F4E3A-A972-443A-9E05-893435F78318}
	EndGlobalSection
EndGlobal
